
Microsoft Visual Studio Solution File, Format Version 12.00
# Visual Studio Version 17
VisualStudioVersion = 17.1.32328.378
MinimumVisualStudioVersion = 10.0.40219.1
Project("{9A19103F-16F7-4668-BE54-9A1E7A4F7556}") = "ds_orm", "ds_orm\ds_orm.csproj", "{A930DDBD-FBA9-40E5-918F-F816CADFC751}"
EndProject
Project("{FAE04EC0-301F-11D3-BF4B-00C04F79EFBC}") = "ds_project_wpf", "ds_project_wpf\ds_project_wpf.csproj", "{FF70D2DD-43FD-4425-914C-3B5879500319}"
EndProject
Global
	GlobalSection(SolutionConfigurationPlatforms) = preSolution
		Debug|Any CPU = Debug|Any CPU
		Release|Any CPU = Release|Any CPU
	EndGlobalSection
	GlobalSection(ProjectConfigurationPlatforms) = postSolution
		{A930DDBD-FBA9-40E5-918F-F816CADFC751}.Debug|Any CPU.ActiveCfg = Debug|Any CPU
		{A930DDBD-FBA9-40E5-918F-F816CADFC751}.Debug|Any CPU.Build.0 = Debug|Any CPU
		{A930DDBD-FBA9-40E5-918F-F816CADFC751}.Release|Any CPU.ActiveCfg = Release|Any CPU
		{A930DDBD-FBA9-40E5-918F-F816CADFC751}.Release|Any CPU.Build.0 = Release|Any CPU
		{FF70D2DD-43FD-4425-914C-3B5879500319}.Debug|Any CPU.ActiveCfg = Debug|Any CPU
		{FF70D2DD-43FD-4425-914C-3B5879500319}.Debug|Any CPU.Build.0 = Debug|Any CPU
		{FF70D2DD-43FD-4425-914C-3B5879500319}.Release|Any CPU.ActiveCfg = Release|Any CPU
		{FF70D2DD-43FD-4425-914C-3B5879500319}.Release|Any CPU.Build.0 = Release|Any CPU
	EndGlobalSection
	GlobalSection(SolutionProperties) = preSolution
		HideSolutionNode = FALSE
	EndGlobalSection
	GlobalSection(ExtensibilityGlobals) = postSolution
		SolutionGuid = {FC6FE8D9-3B5B-4862-A0DC-A479369545C6}
	EndGlobalSection
EndGlobal
